
Microsoft Visual Studio Solution File, Format Version 12.00
# Visual Studio Version 17
VisualStudioVersion = 17.2.32630.192
MinimumVisualStudioVersion = 10.0.40219.1
Project("{9A19103F-16F7-4668-BE54-9A1E7A4F7556}") = "SearchWebApplication", "WebApplication1\SearchWebApplication.csproj", "{902FD8EE-8AA8-40DD-B5AF-09B47D7359CA}"
EndProject
Project("{9A19103F-16F7-4668-BE54-9A1E7A4F7556}") = "ClientApplication", "ClientApplication\ClientApplication.csproj", "{FE7D31B3-0926-44FA-9F9C-D639CBCB03B5}"
EndProject
Global
	GlobalSection(SolutionConfigurationPlatforms) = preSolution
		Debug|Any CPU = Debug|Any CPU
		Release|Any CPU = Release|Any CPU
	EndGlobalSection
	GlobalSection(ProjectConfigurationPlatforms) = postSolution
		{902FD8EE-8AA8-40DD-B5AF-09B47D7359CA}.Debug|Any CPU.ActiveCfg = Debug|Any CPU
		{902FD8EE-8AA8-40DD-B5AF-09B47D7359CA}.Debug|Any CPU.Build.0 = Debug|Any CPU
		{902FD8EE-8AA8-40DD-B5AF-09B47D7359CA}.Release|Any CPU.ActiveCfg = Release|Any CPU
		{902FD8EE-8AA8-40DD-B5AF-09B47D7359CA}.Release|Any CPU.Build.0 = Release|Any CPU
		{FE7D31B3-0926-44FA-9F9C-D639CBCB03B5}.Debug|Any CPU.ActiveCfg = Debug|Any CPU
		{FE7D31B3-0926-44FA-9F9C-D639CBCB03B5}.Debug|Any CPU.Build.0 = Debug|Any CPU
		{FE7D31B3-0926-44FA-9F9C-D639CBCB03B5}.Release|Any CPU.ActiveCfg = Release|Any CPU
		{FE7D31B3-0926-44FA-9F9C-D639CBCB03B5}.Release|Any CPU.Build.0 = Release|Any CPU
	EndGlobalSection
	GlobalSection(SolutionProperties) = preSolution
		HideSolutionNode = FALSE
	EndGlobalSection
	GlobalSection(ExtensibilityGlobals) = postSolution
		SolutionGuid = {D6A2BF5D-4B2F-454B-B4D0-50405F451043}
	EndGlobalSection
EndGlobal
